// !$*UTF8*$!
{
	archiveVersion = 1;
	classes = {
	};
	objectVersion = 46;
	objects = {

/* Begin PBXBuildFile section */
		8110F3E21EEE658200DCB45D /* AppDelegate.swift in Sources */ = {isa = PBXBuildFile; fileRef = 8110F3E11EEE658200DCB45D /* AppDelegate.swift */; };
		8110F3E41EEE658200DCB45D /* ViewController.swift in Sources */ = {isa = PBXBuildFile; fileRef = 8110F3E31EEE658200DCB45D /* ViewController.swift */; };
		8110F3E71EEE658200DCB45D /* Main.storyboard in Resources */ = {isa = PBXBuildFile; fileRef = 8110F3E51EEE658200DCB45D /* Main.storyboard */; };
		8110F3E91EEE658200DCB45D /* Assets.xcassets in Resources */ = {isa = PBXBuildFile; fileRef = 8110F3E81EEE658200DCB45D /* Assets.xcassets */; };
		8110F3EC1EEE658200DCB45D /* LaunchScreen.storyboard in Resources */ = {isa = PBXBuildFile; fileRef = 8110F3EA1EEE658200DCB45D /* LaunchScreen.storyboard */; };
/* End PBXBuildFile section */

/* Begin PBXFileReference section */
		8110F3DE1EEE658200DCB45D /* checkbox_test.app */ = {isa = PBXFileReference; explicitFileType = wrapper.application; includeInIndex = 0; path = checkbox_test.app; sourceTree = BUILT_PRODUCTS_DIR; };
		8110F3E11EEE658200DCB45D /* AppDelegate.swift */ = {isa = PBXFileReference; lastKnownFileType = sourcecode.swift; path = AppDelegate.swift; sourceTree = "<group>"; };
		8110F3E31EEE658200DCB45D /* ViewController.swift */ = {isa = PBXFileReference; lastKnownFileType = sourcecode.swift; path = ViewController.swift; sourceTree = "<group>"; };
		8110F3E61EEE658200DCB45D /* Base */ = {isa = PBXFileReference; lastKnownFileType = file.storyboard; name = Base; path = Base.lproj/Main.storyboard; sourceTree = "<group>"; };
		8110F3E81EEE658200DCB45D /* Assets.xcassets */ = {isa = PBXFileReference; lastKnownFileType = folder.assetcatalog; path = Assets.xcassets; sourceTree = "<group>"; };
		8110F3EB1EEE658200DCB45D /* Base */ = {isa = PBXFileReference; lastKnownFileType = file.storyboard; name = Base; path = Base.lproj/LaunchScreen.storyboard; sourceTree = "<group>"; };
		8110F3ED1EEE658200DCB45D /* Info.plist */ = {isa = PBXFileReference; lastKnownFileType = text.plist.xml; path = Info.plist; sourceTree = "<group>"; };
/* End PBXFileReference section */

/* Begin PBXFrameworksBuildPhase section */
		8110F3DB1EEE658200DCB45D /* Frameworks */ = {
			isa = PBXFrameworksBuildPhase;
			buildActionMask = 2147483647;
			files = (
			);
			runOnlyForDeploymentPostprocessing = 0;
		};
/* End PBXFrameworksBuildPhase section */

/* Begin PBXGroup section */
		8110F3D51EEE658200DCB45D = {
			isa = PBXGroup;
			children = (
				8110F3E01EEE658200DCB45D /* checkbox_test */,
				8110F3DF1EEE658200DCB45D /* Products */,
			);
			sourceTree = "<group>";
		};
		8110F3DF1EEE658200DCB45D /* Products */ = {
			isa = PBXGroup;
			children = (
				8110F3DE1EEE658200DCB45D /* checkbox_test.app */,
			);
			name = Products;
			sourceTree = "<group>";
		};
		8110F3E01EEE658200DCB45D /* checkbox_test */ = {
			isa = PBXGroup;
			children = (
				8110F3E11EEE658200DCB45D /* AppDelegate.swift */,
				8110F3E31EEE658200DCB45D /* ViewController.swift */,
				8110F3E51EEE658200DCB45D /* Main.storyboard */,
				8110F3E81EEE658200DCB45D /* Assets.xcassets */,
				8110F3EA1EEE658200DCB45D /* LaunchScreen.storyboard */,
				8110F3ED1EEE658200DCB45D /* Info.plist */,
			);
			path = checkbox_test;
			sourceTree = "<group>";
		};
/* End PBXGroup section */

/* Begin PBXNativeTarget section */
		8110F3DD1EEE658200DCB45D /* checkbox_test */ = {
			isa = PBXNativeTarget;
			buildConfigurationList = 8110F3F01EEE658200DCB45D /* Build configuration list for PBXNativeTarget "checkbox_test" */;
			buildPhases = (
				8110F3DA1EEE658200DCB45D /* Sources */,
				8110F3DB1EEE658200DCB45D /* Frameworks */,
				8110F3DC1EEE658200DCB45D /* Resources */,
			);
			buildRules = (
			);
			dependencies = (
			);
			name = checkbox_test;
			productName = checkbox_test;
			productReference = 8110F3DE1EEE658200DCB45D /* checkbox_test.app */;
			productType = "com.apple.product-type.application";
		};
/* End PBXNativeTarget section */

/* Begin PBXProject section */
		8110F3D61EEE658200DCB45D /* Project object */ = {
			isa = PBXProject;
			attributes = {
				LastSwiftUpdateCheck = 0830;
				LastUpgradeCheck = 0830;
				ORGANIZATIONNAME = TsungHan;
				TargetAttributes = {
					8110F3DD1EEE658200DCB45D = {
						CreatedOnToolsVersion = 8.3.1;
						DevelopmentTeam = Y4L84BS83X;
						ProvisioningStyle = Automatic;
					};
				};
			};
			buildConfigurationList = 8110F3D91EEE658200DCB45D /* Build configuration list for PBXProject "checkbox_test" */;
			compatibilityVersion = "Xcode 3.2";
			developmentRegion = English;
			hasScannedForEncodings = 0;
			knownRegions = (
				en,
				Base,
			);
			mainGroup = 8110F3D51EEE658200DCB45D;
			productRefGroup = 8110F3DF1EEE658200DCB45D /* Products */;
			projectDirPath = "";
			projectRoot = "";
			targets = (
				8110F3DD1EEE658200DCB45D /* checkbox_test */,
			);
		};
/* End PBXProject section */

/* Begin PBXResourcesBuildPhase section */
		8110F3DC1EEE658200DCB45D /* Resources */ = {
			isa = PBXResourcesBuildPhase;
			buildActionMask = 2147483647;
			files = (
				8110F3EC1EEE658200DCB45D /* LaunchScreen.storyboard in Resources */,
				8110F3E91EEE658200DCB45D /* Assets.xcassets in Resources */,
				8110F3E71EEE658200DCB45D /* Main.storyboard in Resources */,
			);
			runOnlyForDeploymentPostprocessing = 0;
		};
/* End PBXResourcesBuildPhase section */

/* Begin PBXSourcesBuildPhase section */
		8110F3DA1EEE658200DCB45D /* Sources */ = {
			isa = PBXSourcesBuildPhase;
			buildActionMask = 2147483647;
			files = (
				8110F3E41EEE658200DCB45D /* ViewController.swift in Sources */,
				8110F3E21EEE658200DCB45D /* AppDelegate.swift in Sources */,
			);
			runOnlyForDeploymentPostprocessing = 0;
		};
/* End PBXSourcesBuildPhase section */

/* Begin PBXVariantGroup section */
		8110F3E51EEE658200DCB45D /* Main.storyboard */ = {
			isa = PBXVariantGroup;
			children = (
				8110F3E61EEE658200DCB45D /* Base */,
			);
			name = Main.storyboard;
			sourceTree = "<group>";
		};
		8110F3EA1EEE658200DCB45D /* LaunchScreen.storyboard */ = {
			isa = PBXVariantGroup;
			children = (
				8110F3EB1EEE658200DCB45D /* Base */,
			);
			name = LaunchScreen.storyboard;
			sourceTree = "<group>";
		};
/* End PBXVariantGroup section */

/* Begin XCBuildConfiguration section */
		8110F3EE1EEE658200DCB45D /* Debug */ = {
			isa = XCBuildConfiguration;
			buildSettings = {
				ALWAYS_SEARCH_USER_PATHS = NO;
				CLANG_ANALYZER_NONNULL = YES;
				CLANG_ANALYZER_NUMBER_OBJECT_CONVERSION = YES_AGGRESSIVE;
				CLANG_CXX_LANGUAGE_STANDARD = "gnu++0x";
				CLANG_CXX_LIBRARY = "libc++";
				CLANG_ENABLE_MODULES = YES;
				CLANG_ENABLE_OBJC_ARC = YES;
				CLANG_WARN_BOOL_CONVERSION = YES;
				CLANG_WARN_CONSTANT_CONVERSION = YES;
				CLANG_WARN_DIRECT_OBJC_ISA_USAGE = YES_ERROR;
				CLANG_WARN_DOCUMENTATION_COMMENTS = YES;
				CLANG_WARN_EMPTY_BODY = YES;
				CLANG_WARN_ENUM_CONVERSION = YES;
				CLANG_WARN_INFINITE_RECURSION = YES;
				CLANG_WARN_INT_CONVERSION = YES;
				CLANG_WARN_OBJC_ROOT_CLASS = YES_ERROR;
				CLANG_WARN_SUSPICIOUS_MOVE = YES;
				CLANG_WARN_UNREACHABLE_CODE = YES;
				CLANG_WARN__DUPLICATE_METHOD_MATCH = YES;
				"CODE_SIGN_IDENTITY[sdk=iphoneos*]" = "iPhone Developer";
				COPY_PHASE_STRIP = NO;
				DEBUG_INFORMATION_FORMAT = dwarf;
				ENABLE_STRICT_OBJC_MSGSEND = YES;
				ENABLE_TESTABILITY = YES;
				GCC_C_LANGUAGE_STANDARD = gnu99;
				GCC_DYNAMIC_NO_PIC = NO;
				GCC_NO_COMMON_BLOCKS = YES;
				GCC_OPTIMIZATION_LEVEL = 0;
				GCC_PREPROCESSOR_DEFINITIONS = (
					"DEBUG=1",
					"$(inherited)",
				);
				GCC_WARN_64_TO_32_BIT_CONVERSION = YES;
				GCC_WARN_ABOUT_RETURN_TYPE = YES_ERROR;
				GCC_WARN_UNDECLARED_SELECTOR = YES;
				GCC_WARN_UNINITIALIZED_AUTOS = YES_AGGRESSIVE;
				GCC_WARN_UNUSED_FUNCTION = YES;
				GCC_WARN_UNUSED_VARIABLE = YES;
				IPHONEOS_DEPLOYMENT_TARGET = 10.3;
				MTL_ENABLE_DEBUG_INFO = YES;
				ONLY_ACTIVE_ARCH = YES;
				SDKROOT = iphoneos;
				SWIFT_ACTIVE_COMPILATION_CONDITIONS = DEBUG;
				SWIFT_OPTIMIZATION_LEVEL = "-Onone";
			};
			name = Debug;
		};
		8110F3EF1EEE658200DCB45D /* Release */ = {
			isa = XCBuildConfiguration;
			buildSettings = {
				ALWAYS_SEARCH_USER_PATHS = NO;
				CLANG_ANALYZER_NONNULL = YES;
				CLANG_ANALYZER_NUMBER_OBJECT_CONVERSION = YES_AGGRESSIVE;
				CLANG_CXX_LANGUAGE_STANDARD = "gnu++0x";
				CLANG_CXX_LIBRARY = "libc++";
				CLANG_ENABLE_MODULES = YES;
				CLANG_ENABLE_OBJC_ARC = YES;
				CLANG_WARN_BOOL_CONVERSION = YES;
				CLANG_WARN_CONSTANT_CONVERSION = YES;
				CLANG_WARN_DIRECT_OBJC_ISA_USAGE = YES_ERROR;
				CLANG_WARN_DOCUMENTATION_COMMENTS = YES;
				CLANG_WARN_EMPTY_BODY = YES;
				CLANG_WARN_ENUM_CONVERSION = YES;
				CLANG_WARN_INFINITE_RECURSION = YES;
				CLANG_WARN_INT_CONVERSION = YES;
				CLANG_WARN_OBJC_ROOT_CLASS = YES_ERROR;
				CLANG_WARN_SUSPICIOUS_MOVE = YES;
				CLANG_WARN_UNREACHABLE_CODE = YES;
				CLANG_WARN__DUPLICATE_METHOD_MATCH = YES;
				"CODE_SIGN_IDENTITY[sdk=iphoneos*]" = "iPhone Developer";
				COPY_PHASE_STRIP = NO;
				DEBUG_INFORMATION_FORMAT = "dwarf-with-dsym";
				ENABLE_NS_ASSERTIONS = NO;
				ENABLE_STRICT_OBJC_MSGSEND = YES;
				GCC_C_LANGUAGE_STANDARD = gnu99;
				GCC_NO_COMMON_BLOCKS = YES;
				GCC_WARN_64_TO_32_BIT_CONVERSION = YES;
				GCC_WARN_ABOUT_RETURN_TYPE = YES_ERROR;
				GCC_WARN_UNDECLARED_SELECTOR = YES;
				GCC_WARN_UNINITIALIZED_AUTOS = YES_AGGRESSIVE;
				GCC_WARN_UNUSED_FUNCTION = YES;
				GCC_WARN_UNUSED_VARIABLE = YES;
				IPHONEOS_DEPLOYMENT_TARGET = 10.3;
				MTL_ENABLE_DEBUG_INFO = NO;
				SDKROOT = iphoneos;
				SWIFT_OPTIMIZATION_LEVEL = "-Owholemodule";
				VALIDATE_PRODUCT = YES;
			};
			name = Release;
		};
		8110F3F11EEE658200DCB45D /* Debug */ = {
			isa = XCBuildConfiguration;
			buildSettings = {
				ASSETCATALOG_COMPILER_APPICON_NAME = AppIcon;
				DEVELOPMENT_TEAM = Y4L84BS83X;
				INFOPLIST_FILE = checkbox_test/Info.plist;
				LD_RUNPATH_SEARCH_PATHS = "$(inherited) @executable_path/Frameworks";
				PRODUCT_BUNDLE_IDENTIFIER = "com.YU.checkbox-test";
				PRODUCT_NAME = "$(TARGET_NAME)";
				SWIFT_VERSION = 3.0;
			};
			name = Debug;
		};
		8110F3F21EEE658200DCB45D /* Release */ = {
			isa = XCBuildConfiguration;
			buildSettings = {
				ASSETCATALOG_COMPILER_APPICON_NAME = AppIcon;
				DEVELOPMENT_TEAM = Y4L84BS83X;
				INFOPLIST_FILE = checkbox_test/Info.plist;
				LD_RUNPATH_SEARCH_PATHS = "$(inherited) @executable_path/Frameworks";
				PRODUCT_BUNDLE_IDENTIFIER = "com.YU.checkbox-test";
				PRODUCT_NAME = "$(TARGET_NAME)";
				SWIFT_VERSION = 3.0;
			};
			name = Release;
		};
/* End XCBuildConfiguration section */

/* Begin XCConfigurationList section */
		8110F3D91EEE658200DCB45D /* Build configuration list for PBXProject "checkbox_test" */ = {
			isa = XCConfigurationList;
			buildConfigurations = (
				8110F3EE1EEE658200DCB45D /* Debug */,
				8110F3EF1EEE658200DCB45D /* Release */,
			);
			defaultConfigurationIsVisible = 0;
			defaultConfigurationName = Release;
		};
		8110F3F01EEE658200DCB45D /* Build configuration list for PBXNativeTarget "checkbox_test" */ = {
			isa = XCConfigurationList;
			buildConfigurations = (
				8110F3F11EEE658200DCB45D /* Debug */,
				8110F3F21EEE658200DCB45D /* Release */,
			);
			defaultConfigurationIsVisible = 0;
		};
/* End XCConfigurationList section */
	};
	rootObject = 8110F3D61EEE658200DCB45D /* Project object */;
}
